
Microsoft Visual Studio Solution File, Format Version 12.00
# Visual Studio 15
Project("{FAE04EC0-301F-11D3-BF4B-00C04F79EFBC}") = "Assembly-CSharp", "Assembly-CSharp.csproj", "{4E234C07-E001-91CB-7B45-EA82561C1E96}"
EndProject
Project("{FAE04EC0-301F-11D3-BF4B-00C04F79EFBC}") = "Assembly-CSharp-Editor", "Assembly-CSharp-Editor.csproj", "{8C997AD4-359A-A675-2239-13FB46ED1C19}"
EndProject
Global
	GlobalSection(SolutionConfigurationPlatforms) = preSolution
		Debug|Any CPU = Debug|Any CPU
		Release|Any CPU = Release|Any CPU
	EndGlobalSection
	GlobalSection(ProjectConfigurationPlatforms) = postSolution
		{4E234C07-E001-91CB-7B45-EA82561C1E96}.Debug|Any CPU.ActiveCfg = Debug|Any CPU
		{4E234C07-E001-91CB-7B45-EA82561C1E96}.Debug|Any CPU.Build.0 = Debug|Any CPU
		{4E234C07-E001-91CB-7B45-EA82561C1E96}.Release|Any CPU.ActiveCfg = Release|Any CPU
		{4E234C07-E001-91CB-7B45-EA82561C1E96}.Release|Any CPU.Build.0 = Release|Any CPU
		{8C997AD4-359A-A675-2239-13FB46ED1C19}.Debug|Any CPU.ActiveCfg = Debug|Any CPU
		{8C997AD4-359A-A675-2239-13FB46ED1C19}.Debug|Any CPU.Build.0 = Debug|Any CPU
		{8C997AD4-359A-A675-2239-13FB46ED1C19}.Release|Any CPU.ActiveCfg = Release|Any CPU
		{8C997AD4-359A-A675-2239-13FB46ED1C19}.Release|Any CPU.Build.0 = Release|Any CPU
	EndGlobalSection
	GlobalSection(SolutionProperties) = preSolution
		HideSolutionNode = FALSE
	EndGlobalSection
EndGlobal
